
Microsoft Visual Studio Solution File, Format Version 12.00
# Visual Studio Version 17
VisualStudioVersion = 17.12.35707.178
MinimumVisualStudioVersion = 10.0.40219.1
Project("{FAE04EC0-301F-11D3-BF4B-00C04F79EFBC}") = "OnlineMovieTicketBookingSystem", "OnlineMovieTicketBookingSystem\OnlineMovieTicketBookingSystem.csproj", "{2D31048A-3BFD-48CE-B177-30FB34D16BD9}"
EndProject
Project("{FAE04EC0-301F-11D3-BF4B-00C04F79EFBC}") = "OnlineMovieTicketBookingSystemUnitTest", "OnlineMovieTicketBookingSystemUnitTest\OnlineMovieTicketBookingSystemUnitTest.csproj", "{8769D038-1A7F-4C19-A517-6E7E3B80FDF2}"
EndProject
Global
	GlobalSection(SolutionConfigurationPlatforms) = preSolution
		Debug|Any CPU = Debug|Any CPU
		Release|Any CPU = Release|Any CPU
	EndGlobalSection
	GlobalSection(ProjectConfigurationPlatforms) = postSolution
		{2D31048A-3BFD-48CE-B177-30FB34D16BD9}.Debug|Any CPU.ActiveCfg = Debug|Any CPU
		{2D31048A-3BFD-48CE-B177-30FB34D16BD9}.Debug|Any CPU.Build.0 = Debug|Any CPU
		{2D31048A-3BFD-48CE-B177-30FB34D16BD9}.Release|Any CPU.ActiveCfg = Release|Any CPU
		{2D31048A-3BFD-48CE-B177-30FB34D16BD9}.Release|Any CPU.Build.0 = Release|Any CPU
		{8769D038-1A7F-4C19-A517-6E7E3B80FDF2}.Debug|Any CPU.ActiveCfg = Debug|Any CPU
		{8769D038-1A7F-4C19-A517-6E7E3B80FDF2}.Debug|Any CPU.Build.0 = Debug|Any CPU
		{8769D038-1A7F-4C19-A517-6E7E3B80FDF2}.Release|Any CPU.ActiveCfg = Release|Any CPU
		{8769D038-1A7F-4C19-A517-6E7E3B80FDF2}.Release|Any CPU.Build.0 = Release|Any CPU
	EndGlobalSection
	GlobalSection(SolutionProperties) = preSolution
		HideSolutionNode = FALSE
	EndGlobalSection
EndGlobal
